// !$*UTF8*$!
{
	archiveVersion = 1;
	classes = {
	};
	objectVersion = 50;
	objects = {

/* Begin PBXBuildFile section */
		BDBB659B259C4428004AA2C5 /* AppDelegate.swift in Sources */ = {isa = PBXBuildFile; fileRef = BDBB659A259C4428004AA2C5 /* AppDelegate.swift */; };
		BDBB659D259C4428004AA2C5 /* SceneDelegate.swift in Sources */ = {isa = PBXBuildFile; fileRef = BDBB659C259C4428004AA2C5 /* SceneDelegate.swift */; };
		BDBB659F259C4428004AA2C5 /* ViewController.swift in Sources */ = {isa = PBXBuildFile; fileRef = BDBB659E259C4428004AA2C5 /* ViewController.swift */; };
		BDBB65A2259C4428004AA2C5 /* Main.storyboard in Resources */ = {isa = PBXBuildFile; fileRef = BDBB65A0259C4428004AA2C5 /* Main.storyboard */; };
		BDBB65A4259C4429004AA2C5 /* Assets.xcassets in Resources */ = {isa = PBXBuildFile; fileRef = BDBB65A3259C4429004AA2C5 /* Assets.xcassets */; };
		BDBB65A7259C4429004AA2C5 /* LaunchScreen.storyboard in Resources */ = {isa = PBXBuildFile; fileRef = BDBB65A5259C4429004AA2C5 /* LaunchScreen.storyboard */; };
		BDBB65BA259C4631004AA2C5 /* 1.jpg in Resources */ = {isa = PBXBuildFile; fileRef = BDBB65B0259C4630004AA2C5 /* 1.jpg */; };
		BDBB65BB259C4631004AA2C5 /* 7.jpg in Resources */ = {isa = PBXBuildFile; fileRef = BDBB65B1259C4630004AA2C5 /* 7.jpg */; };
		BDBB65BC259C4631004AA2C5 /* 10.jpg in Resources */ = {isa = PBXBuildFile; fileRef = BDBB65B2259C4630004AA2C5 /* 10.jpg */; };
		BDBB65BD259C4631004AA2C5 /* 5.jpg in Resources */ = {isa = PBXBuildFile; fileRef = BDBB65B3259C4630004AA2C5 /* 5.jpg */; };
		BDBB65BE259C4631004AA2C5 /* 6.jpg in Resources */ = {isa = PBXBuildFile; fileRef = BDBB65B4259C4630004AA2C5 /* 6.jpg */; };
		BDBB65BF259C4631004AA2C5 /* 2.jpg in Resources */ = {isa = PBXBuildFile; fileRef = BDBB65B5259C4630004AA2C5 /* 2.jpg */; };
		BDBB65C0259C4631004AA2C5 /* 8.jpg in Resources */ = {isa = PBXBuildFile; fileRef = BDBB65B6259C4630004AA2C5 /* 8.jpg */; };
		BDBB65C1259C4631004AA2C5 /* 9.jpg in Resources */ = {isa = PBXBuildFile; fileRef = BDBB65B7259C4631004AA2C5 /* 9.jpg */; };
		BDBB65C2259C4631004AA2C5 /* 4.jpg in Resources */ = {isa = PBXBuildFile; fileRef = BDBB65B8259C4631004AA2C5 /* 4.jpg */; };
		BDBB65C3259C4631004AA2C5 /* 3.jpg in Resources */ = {isa = PBXBuildFile; fileRef = BDBB65B9259C4631004AA2C5 /* 3.jpg */; };
/* End PBXBuildFile section */

/* Begin PBXFileReference section */
		BDBB6597259C4428004AA2C5 /* PickerView.app */ = {isa = PBXFileReference; explicitFileType = wrapper.application; includeInIndex = 0; path = PickerView.app; sourceTree = BUILT_PRODUCTS_DIR; };
		BDBB659A259C4428004AA2C5 /* AppDelegate.swift */ = {isa = PBXFileReference; lastKnownFileType = sourcecode.swift; path = AppDelegate.swift; sourceTree = "<group>"; };
		BDBB659C259C4428004AA2C5 /* SceneDelegate.swift */ = {isa = PBXFileReference; lastKnownFileType = sourcecode.swift; path = SceneDelegate.swift; sourceTree = "<group>"; };
		BDBB659E259C4428004AA2C5 /* ViewController.swift */ = {isa = PBXFileReference; lastKnownFileType = sourcecode.swift; path = ViewController.swift; sourceTree = "<group>"; };
		BDBB65A1259C4428004AA2C5 /* Base */ = {isa = PBXFileReference; lastKnownFileType = file.storyboard; name = Base; path = Base.lproj/Main.storyboard; sourceTree = "<group>"; };
		BDBB65A3259C4429004AA2C5 /* Assets.xcassets */ = {isa = PBXFileReference; lastKnownFileType = folder.assetcatalog; path = Assets.xcassets; sourceTree = "<group>"; };
		BDBB65A6259C4429004AA2C5 /* Base */ = {isa = PBXFileReference; lastKnownFileType = file.storyboard; name = Base; path = Base.lproj/LaunchScreen.storyboard; sourceTree = "<group>"; };
		BDBB65A8259C4429004AA2C5 /* Info.plist */ = {isa = PBXFileReference; lastKnownFileType = text.plist.xml; path = Info.plist; sourceTree = "<group>"; };
		BDBB65B0259C4630004AA2C5 /* 1.jpg */ = {isa = PBXFileReference; lastKnownFileType = image.jpeg; path = 1.jpg; sourceTree = "<group>"; };
		BDBB65B1259C4630004AA2C5 /* 7.jpg */ = {isa = PBXFileReference; lastKnownFileType = image.jpeg; path = 7.jpg; sourceTree = "<group>"; };
		BDBB65B2259C4630004AA2C5 /* 10.jpg */ = {isa = PBXFileReference; lastKnownFileType = image.jpeg; path = 10.jpg; sourceTree = "<group>"; };
		BDBB65B3259C4630004AA2C5 /* 5.jpg */ = {isa = PBXFileReference; lastKnownFileType = image.jpeg; path = 5.jpg; sourceTree = "<group>"; };
		BDBB65B4259C4630004AA2C5 /* 6.jpg */ = {isa = PBXFileReference; lastKnownFileType = image.jpeg; path = 6.jpg; sourceTree = "<group>"; };
		BDBB65B5259C4630004AA2C5 /* 2.jpg */ = {isa = PBXFileReference; lastKnownFileType = image.jpeg; path = 2.jpg; sourceTree = "<group>"; };
		BDBB65B6259C4630004AA2C5 /* 8.jpg */ = {isa = PBXFileReference; lastKnownFileType = image.jpeg; path = 8.jpg; sourceTree = "<group>"; };
		BDBB65B7259C4631004AA2C5 /* 9.jpg */ = {isa = PBXFileReference; lastKnownFileType = image.jpeg; path = 9.jpg; sourceTree = "<group>"; };
		BDBB65B8259C4631004AA2C5 /* 4.jpg */ = {isa = PBXFileReference; lastKnownFileType = image.jpeg; path = 4.jpg; sourceTree = "<group>"; };
		BDBB65B9259C4631004AA2C5 /* 3.jpg */ = {isa = PBXFileReference; lastKnownFileType = image.jpeg; path = 3.jpg; sourceTree = "<group>"; };
/* End PBXFileReference section */

/* Begin PBXFrameworksBuildPhase section */
		BDBB6594259C4428004AA2C5 /* Frameworks */ = {
			isa = PBXFrameworksBuildPhase;
			buildActionMask = 2147483647;
			files = (
			);
			runOnlyForDeploymentPostprocessing = 0;
		};
/* End PBXFrameworksBuildPhase section */

/* Begin PBXGroup section */
		BDBB658E259C4428004AA2C5 = {
			isa = PBXGroup;
			children = (
				BDBB6599259C4428004AA2C5 /* PickerView */,
				BDBB6598259C4428004AA2C5 /* Products */,
			);
			sourceTree = "<group>";
		};
		BDBB6598259C4428004AA2C5 /* Products */ = {
			isa = PBXGroup;
			children = (
				BDBB6597259C4428004AA2C5 /* PickerView.app */,
			);
			name = Products;
			sourceTree = "<group>";
		};
		BDBB6599259C4428004AA2C5 /* PickerView */ = {
			isa = PBXGroup;
			children = (
				BDBB65AF259C446E004AA2C5 /* images */,
				BDBB659A259C4428004AA2C5 /* AppDelegate.swift */,
				BDBB659C259C4428004AA2C5 /* SceneDelegate.swift */,
				BDBB659E259C4428004AA2C5 /* ViewController.swift */,
				BDBB65A0259C4428004AA2C5 /* Main.storyboard */,
				BDBB65A3259C4429004AA2C5 /* Assets.xcassets */,
				BDBB65A5259C4429004AA2C5 /* LaunchScreen.storyboard */,
				BDBB65A8259C4429004AA2C5 /* Info.plist */,
			);
			path = PickerView;
			sourceTree = "<group>";
		};
		BDBB65AF259C446E004AA2C5 /* images */ = {
			isa = PBXGroup;
			children = (
				BDBB65B0259C4630004AA2C5 /* 1.jpg */,
				BDBB65B5259C4630004AA2C5 /* 2.jpg */,
				BDBB65B9259C4631004AA2C5 /* 3.jpg */,
				BDBB65B8259C4631004AA2C5 /* 4.jpg */,
				BDBB65B3259C4630004AA2C5 /* 5.jpg */,
				BDBB65B4259C4630004AA2C5 /* 6.jpg */,
				BDBB65B1259C4630004AA2C5 /* 7.jpg */,
				BDBB65B6259C4630004AA2C5 /* 8.jpg */,
				BDBB65B7259C4631004AA2C5 /* 9.jpg */,
				BDBB65B2259C4630004AA2C5 /* 10.jpg */,
			);
			path = images;
			sourceTree = "<group>";
		};
/* End PBXGroup section */

/* Begin PBXNativeTarget section */
		BDBB6596259C4428004AA2C5 /* PickerView */ = {
			isa = PBXNativeTarget;
			buildConfigurationList = BDBB65AB259C4429004AA2C5 /* Build configuration list for PBXNativeTarget "PickerView" */;
			buildPhases = (
				BDBB6593259C4428004AA2C5 /* Sources */,
				BDBB6594259C4428004AA2C5 /* Frameworks */,
				BDBB6595259C4428004AA2C5 /* Resources */,
			);
			buildRules = (
			);
			dependencies = (
			);
			name = PickerView;
			productName = PickerView;
			productReference = BDBB6597259C4428004AA2C5 /* PickerView.app */;
			productType = "com.apple.product-type.application";
		};
/* End PBXNativeTarget section */

/* Begin PBXProject section */
		BDBB658F259C4428004AA2C5 /* Project object */ = {
			isa = PBXProject;
			attributes = {
				LastSwiftUpdateCheck = 1230;
				LastUpgradeCheck = 1230;
				TargetAttributes = {
					BDBB6596259C4428004AA2C5 = {
						CreatedOnToolsVersion = 12.3;
					};
				};
			};
			buildConfigurationList = BDBB6592259C4428004AA2C5 /* Build configuration list for PBXProject "PickerView" */;
			compatibilityVersion = "Xcode 9.3";
			developmentRegion = en;
			hasScannedForEncodings = 0;
			knownRegions = (
				en,
				Base,
			);
			mainGroup = BDBB658E259C4428004AA2C5;
			productRefGroup = BDBB6598259C4428004AA2C5 /* Products */;
			projectDirPath = "";
			projectRoot = "";
			targets = (
				BDBB6596259C4428004AA2C5 /* PickerView */,
			);
		};
/* End PBXProject section */

/* Begin PBXResourcesBuildPhase section */
		BDBB6595259C4428004AA2C5 /* Resources */ = {
			isa = PBXResourcesBuildPhase;
			buildActionMask = 2147483647;
			files = (
				BDBB65C2259C4631004AA2C5 /* 4.jpg in Resources */,
				BDBB65C1259C4631004AA2C5 /* 9.jpg in Resources */,
				BDBB65C0259C4631004AA2C5 /* 8.jpg in Resources */,
				BDBB65A7259C4429004AA2C5 /* LaunchScreen.storyboard in Resources */,
				BDBB65C3259C4631004AA2C5 /* 3.jpg in Resources */,
				BDBB65BA259C4631004AA2C5 /* 1.jpg in Resources */,
				BDBB65BE259C4631004AA2C5 /* 6.jpg in Resources */,
				BDBB65BF259C4631004AA2C5 /* 2.jpg in Resources */,
				BDBB65BB259C4631004AA2C5 /* 7.jpg in Resources */,
				BDBB65A4259C4429004AA2C5 /* Assets.xcassets in Resources */,
				BDBB65BD259C4631004AA2C5 /* 5.jpg in Resources */,
				BDBB65BC259C4631004AA2C5 /* 10.jpg in Resources */,
				BDBB65A2259C4428004AA2C5 /* Main.storyboard in Resources */,
			);
			runOnlyForDeploymentPostprocessing = 0;
		};
/* End PBXResourcesBuildPhase section */

/* Begin PBXSourcesBuildPhase section */
		BDBB6593259C4428004AA2C5 /* Sources */ = {
			isa = PBXSourcesBuildPhase;
			buildActionMask = 2147483647;
			files = (
				BDBB659F259C4428004AA2C5 /* ViewController.swift in Sources */,
				BDBB659B259C4428004AA2C5 /* AppDelegate.swift in Sources */,
				BDBB659D259C4428004AA2C5 /* SceneDelegate.swift in Sources */,
			);
			runOnlyForDeploymentPostprocessing = 0;
		};
/* End PBXSourcesBuildPhase section */

/* Begin PBXVariantGroup section */
		BDBB65A0259C4428004AA2C5 /* Main.storyboard */ = {
			isa = PBXVariantGroup;
			children = (
				BDBB65A1259C4428004AA2C5 /* Base */,
			);
			name = Main.storyboard;
			sourceTree = "<group>";
		};
		BDBB65A5259C4429004AA2C5 /* LaunchScreen.storyboard */ = {
			isa = PBXVariantGroup;
			children = (
				BDBB65A6259C4429004AA2C5 /* Base */,
			);
			name = LaunchScreen.storyboard;
			sourceTree = "<group>";
		};
/* End PBXVariantGroup section */

/* Begin XCBuildConfiguration section */
		BDBB65A9259C4429004AA2C5 /* Debug */ = {
			isa = XCBuildConfiguration;
			buildSettings = {
				ALWAYS_SEARCH_USER_PATHS = NO;
				CLANG_ANALYZER_NONNULL = YES;
				CLANG_ANALYZER_NUMBER_OBJECT_CONVERSION = YES_AGGRESSIVE;
				CLANG_CXX_LANGUAGE_STANDARD = "gnu++14";
				CLANG_CXX_LIBRARY = "libc++";
				CLANG_ENABLE_MODULES = YES;
				CLANG_ENABLE_OBJC_ARC = YES;
				CLANG_ENABLE_OBJC_WEAK = YES;
				CLANG_WARN_BLOCK_CAPTURE_AUTORELEASING = YES;
				CLANG_WARN_BOOL_CONVERSION = YES;
				CLANG_WARN_COMMA = YES;
				CLANG_WARN_CONSTANT_CONVERSION = YES;
				CLANG_WARN_DEPRECATED_OBJC_IMPLEMENTATIONS = YES;
				CLANG_WARN_DIRECT_OBJC_ISA_USAGE = YES_ERROR;
				CLANG_WARN_DOCUMENTATION_COMMENTS = YES;
				CLANG_WARN_EMPTY_BODY = YES;
				CLANG_WARN_ENUM_CONVERSION = YES;
				CLANG_WARN_INFINITE_RECURSION = YES;
				CLANG_WARN_INT_CONVERSION = YES;
				CLANG_WARN_NON_LITERAL_NULL_CONVERSION = YES;
				CLANG_WARN_OBJC_IMPLICIT_RETAIN_SELF = YES;
				CLANG_WARN_OBJC_LITERAL_CONVERSION = YES;
				CLANG_WARN_OBJC_ROOT_CLASS = YES_ERROR;
				CLANG_WARN_QUOTED_INCLUDE_IN_FRAMEWORK_HEADER = YES;
				CLANG_WARN_RANGE_LOOP_ANALYSIS = YES;
				CLANG_WARN_STRICT_PROTOTYPES = YES;
				CLANG_WARN_SUSPICIOUS_MOVE = YES;
				CLANG_WARN_UNGUARDED_AVAILABILITY = YES_AGGRESSIVE;
				CLANG_WARN_UNREACHABLE_CODE = YES;
				CLANG_WARN__DUPLICATE_METHOD_MATCH = YES;
				COPY_PHASE_STRIP = NO;
				DEBUG_INFORMATION_FORMAT = dwarf;
				ENABLE_STRICT_OBJC_MSGSEND = YES;
				ENABLE_TESTABILITY = YES;
				GCC_C_LANGUAGE_STANDARD = gnu11;
				GCC_DYNAMIC_NO_PIC = NO;
				GCC_NO_COMMON_BLOCKS = YES;
				GCC_OPTIMIZATION_LEVEL = 0;
				GCC_PREPROCESSOR_DEFINITIONS = (
					"DEBUG=1",
					"$(inherited)",
				);
				GCC_WARN_64_TO_32_BIT_CONVERSION = YES;
				GCC_WARN_ABOUT_RETURN_TYPE = YES_ERROR;
				GCC_WARN_UNDECLARED_SELECTOR = YES;
				GCC_WARN_UNINITIALIZED_AUTOS = YES_AGGRESSIVE;
				GCC_WARN_UNUSED_FUNCTION = YES;
				GCC_WARN_UNUSED_VARIABLE = YES;
				IPHONEOS_DEPLOYMENT_TARGET = 14.3;
				MTL_ENABLE_DEBUG_INFO = INCLUDE_SOURCE;
				MTL_FAST_MATH = YES;
				ONLY_ACTIVE_ARCH = YES;
				SDKROOT = iphoneos;
				SWIFT_ACTIVE_COMPILATION_CONDITIONS = DEBUG;
				SWIFT_OPTIMIZATION_LEVEL = "-Onone";
			};
			name = Debug;
		};
		BDBB65AA259C4429004AA2C5 /* Release */ = {
			isa = XCBuildConfiguration;
			buildSettings = {
				ALWAYS_SEARCH_USER_PATHS = NO;
				CLANG_ANALYZER_NONNULL = YES;
				CLANG_ANALYZER_NUMBER_OBJECT_CONVERSION = YES_AGGRESSIVE;
				CLANG_CXX_LANGUAGE_STANDARD = "gnu++14";
				CLANG_CXX_LIBRARY = "libc++";
				CLANG_ENABLE_MODULES = YES;
				CLANG_ENABLE_OBJC_ARC = YES;
				CLANG_ENABLE_OBJC_WEAK = YES;
				CLANG_WARN_BLOCK_CAPTURE_AUTORELEASING = YES;
				CLANG_WARN_BOOL_CONVERSION = YES;
				CLANG_WARN_COMMA = YES;
				CLANG_WARN_CONSTANT_CONVERSION = YES;
				CLANG_WARN_DEPRECATED_OBJC_IMPLEMENTATIONS = YES;
				CLANG_WARN_DIRECT_OBJC_ISA_USAGE = YES_ERROR;
				CLANG_WARN_DOCUMENTATION_COMMENTS = YES;
				CLANG_WARN_EMPTY_BODY = YES;
				CLANG_WARN_ENUM_CONVERSION = YES;
				CLANG_WARN_INFINITE_RECURSION = YES;
				CLANG_WARN_INT_CONVERSION = YES;
				CLANG_WARN_NON_LITERAL_NULL_CONVERSION = YES;
				CLANG_WARN_OBJC_IMPLICIT_RETAIN_SELF = YES;
				CLANG_WARN_OBJC_LITERAL_CONVERSION = YES;
				CLANG_WARN_OBJC_ROOT_CLASS = YES_ERROR;
				CLANG_WARN_QUOTED_INCLUDE_IN_FRAMEWORK_HEADER = YES;
				CLANG_WARN_RANGE_LOOP_ANALYSIS = YES;
				CLANG_WARN_STRICT_PROTOTYPES = YES;
				CLANG_WARN_SUSPICIOUS_MOVE = YES;
				CLANG_WARN_UNGUARDED_AVAILABILITY = YES_AGGRESSIVE;
				CLANG_WARN_UNREACHABLE_CODE = YES;
				CLANG_WARN__DUPLICATE_METHOD_MATCH = YES;
				COPY_PHASE_STRIP = NO;
				DEBUG_INFORMATION_FORMAT = "dwarf-with-dsym";
				ENABLE_NS_ASSERTIONS = NO;
				ENABLE_STRICT_OBJC_MSGSEND = YES;
				GCC_C_LANGUAGE_STANDARD = gnu11;
				GCC_NO_COMMON_BLOCKS = YES;
				GCC_WARN_64_TO_32_BIT_CONVERSION = YES;
				GCC_WARN_ABOUT_RETURN_TYPE = YES_ERROR;
				GCC_WARN_UNDECLARED_SELECTOR = YES;
				GCC_WARN_UNINITIALIZED_AUTOS = YES_AGGRESSIVE;
				GCC_WARN_UNUSED_FUNCTION = YES;
				GCC_WARN_UNUSED_VARIABLE = YES;
				IPHONEOS_DEPLOYMENT_TARGET = 14.3;
				MTL_ENABLE_DEBUG_INFO = NO;
				MTL_FAST_MATH = YES;
				SDKROOT = iphoneos;
				SWIFT_COMPILATION_MODE = wholemodule;
				SWIFT_OPTIMIZATION_LEVEL = "-O";
				VALIDATE_PRODUCT = YES;
			};
			name = Release;
		};
		BDBB65AC259C4429004AA2C5 /* Debug */ = {
			isa = XCBuildConfiguration;
			buildSettings = {
				ASSETCATALOG_COMPILER_APPICON_NAME = AppIcon;
				ASSETCATALOG_COMPILER_GLOBAL_ACCENT_COLOR_NAME = AccentColor;
				CODE_SIGN_STYLE = Automatic;
				INFOPLIST_FILE = PickerView/Info.plist;
				LD_RUNPATH_SEARCH_PATHS = (
					"$(inherited)",
					"@executable_path/Frameworks",
				);
				PRODUCT_BUNDLE_IDENTIFIER = com.exaple.PickerView;
				PRODUCT_NAME = "$(TARGET_NAME)";
				SWIFT_VERSION = 5.0;
				TARGETED_DEVICE_FAMILY = "1,2";
			};
			name = Debug;
		};
		BDBB65AD259C4429004AA2C5 /* Release */ = {
			isa = XCBuildConfiguration;
			buildSettings = {
				ASSETCATALOG_COMPILER_APPICON_NAME = AppIcon;
				ASSETCATALOG_COMPILER_GLOBAL_ACCENT_COLOR_NAME = AccentColor;
				CODE_SIGN_STYLE = Automatic;
				INFOPLIST_FILE = PickerView/Info.plist;
				LD_RUNPATH_SEARCH_PATHS = (
					"$(inherited)",
					"@executable_path/Frameworks",
				);
				PRODUCT_BUNDLE_IDENTIFIER = com.exaple.PickerView;
				PRODUCT_NAME = "$(TARGET_NAME)";
				SWIFT_VERSION = 5.0;
				TARGETED_DEVICE_FAMILY = "1,2";
			};
			name = Release;
		};
/* End XCBuildConfiguration section */

/* Begin XCConfigurationList section */
		BDBB6592259C4428004AA2C5 /* Build configuration list for PBXProject "PickerView" */ = {
			isa = XCConfigurationList;
			buildConfigurations = (
				BDBB65A9259C4429004AA2C5 /* Debug */,
				BDBB65AA259C4429004AA2C5 /* Release */,
			);
			defaultConfigurationIsVisible = 0;
			defaultConfigurationName = Release;
		};
		BDBB65AB259C4429004AA2C5 /* Build configuration list for PBXNativeTarget "PickerView" */ = {
			isa = XCConfigurationList;
			buildConfigurations = (
				BDBB65AC259C4429004AA2C5 /* Debug */,
				BDBB65AD259C4429004AA2C5 /* Release */,
			);
			defaultConfigurationIsVisible = 0;
			defaultConfigurationName = Release;
		};
/* End XCConfigurationList section */
	};
	rootObject = BDBB658F259C4428004AA2C5 /* Project object */;
}
