// !$*UTF8*$!
{
	archiveVersion = 1;
	classes = {
	};
	objectVersion = 50;
	objects = {

/* Begin PBXBuildFile section */
		BD1ED35C25A494D700D95EFD /* AppDelegate.swift in Sources */ = {isa = PBXBuildFile; fileRef = BD1ED35B25A494D700D95EFD /* AppDelegate.swift */; };
		BD1ED35E25A494D700D95EFD /* SceneDelegate.swift in Sources */ = {isa = PBXBuildFile; fileRef = BD1ED35D25A494D700D95EFD /* SceneDelegate.swift */; };
		BD1ED36025A494D700D95EFD /* ViewController.swift in Sources */ = {isa = PBXBuildFile; fileRef = BD1ED35F25A494D700D95EFD /* ViewController.swift */; };
		BD1ED36325A494D700D95EFD /* Main.storyboard in Resources */ = {isa = PBXBuildFile; fileRef = BD1ED36125A494D700D95EFD /* Main.storyboard */; };
		BD1ED36525A494D700D95EFD /* Assets.xcassets in Resources */ = {isa = PBXBuildFile; fileRef = BD1ED36425A494D700D95EFD /* Assets.xcassets */; };
		BD1ED36825A494D700D95EFD /* LaunchScreen.storyboard in Resources */ = {isa = PBXBuildFile; fileRef = BD1ED36625A494D700D95EFD /* LaunchScreen.storyboard */; };
		BD1ED37125A49F8D00D95EFD /* htmlView.html in Resources */ = {isa = PBXBuildFile; fileRef = BD1ED37025A49F8D00D95EFD /* htmlView.html */; };
/* End PBXBuildFile section */

/* Begin PBXFileReference section */
		BD1ED35825A494D700D95EFD /* web.app */ = {isa = PBXFileReference; explicitFileType = wrapper.application; includeInIndex = 0; path = web.app; sourceTree = BUILT_PRODUCTS_DIR; };
		BD1ED35B25A494D700D95EFD /* AppDelegate.swift */ = {isa = PBXFileReference; lastKnownFileType = sourcecode.swift; path = AppDelegate.swift; sourceTree = "<group>"; };
		BD1ED35D25A494D700D95EFD /* SceneDelegate.swift */ = {isa = PBXFileReference; lastKnownFileType = sourcecode.swift; path = SceneDelegate.swift; sourceTree = "<group>"; };
		BD1ED35F25A494D700D95EFD /* ViewController.swift */ = {isa = PBXFileReference; lastKnownFileType = sourcecode.swift; path = ViewController.swift; sourceTree = "<group>"; };
		BD1ED36225A494D700D95EFD /* Base */ = {isa = PBXFileReference; lastKnownFileType = file.storyboard; name = Base; path = Base.lproj/Main.storyboard; sourceTree = "<group>"; };
		BD1ED36425A494D700D95EFD /* Assets.xcassets */ = {isa = PBXFileReference; lastKnownFileType = folder.assetcatalog; path = Assets.xcassets; sourceTree = "<group>"; };
		BD1ED36725A494D700D95EFD /* Base */ = {isa = PBXFileReference; lastKnownFileType = file.storyboard; name = Base; path = Base.lproj/LaunchScreen.storyboard; sourceTree = "<group>"; };
		BD1ED36925A494D700D95EFD /* Info.plist */ = {isa = PBXFileReference; lastKnownFileType = text.plist.xml; path = Info.plist; sourceTree = "<group>"; };
		BD1ED37025A49F8D00D95EFD /* htmlView.html */ = {isa = PBXFileReference; lastKnownFileType = text.html; path = htmlView.html; sourceTree = "<group>"; };
/* End PBXFileReference section */

/* Begin PBXFrameworksBuildPhase section */
		BD1ED35525A494D700D95EFD /* Frameworks */ = {
			isa = PBXFrameworksBuildPhase;
			buildActionMask = 2147483647;
			files = (
			);
			runOnlyForDeploymentPostprocessing = 0;
		};
/* End PBXFrameworksBuildPhase section */

/* Begin PBXGroup section */
		BD1ED34F25A494D700D95EFD = {
			isa = PBXGroup;
			children = (
				BD1ED35A25A494D700D95EFD /* web */,
				BD1ED35925A494D700D95EFD /* Products */,
			);
			sourceTree = "<group>";
		};
		BD1ED35925A494D700D95EFD /* Products */ = {
			isa = PBXGroup;
			children = (
				BD1ED35825A494D700D95EFD /* web.app */,
			);
			name = Products;
			sourceTree = "<group>";
		};
		BD1ED35A25A494D700D95EFD /* web */ = {
			isa = PBXGroup;
			children = (
				BD1ED35B25A494D700D95EFD /* AppDelegate.swift */,
				BD1ED35D25A494D700D95EFD /* SceneDelegate.swift */,
				BD1ED35F25A494D700D95EFD /* ViewController.swift */,
				BD1ED37025A49F8D00D95EFD /* htmlView.html */,
				BD1ED36125A494D700D95EFD /* Main.storyboard */,
				BD1ED36425A494D700D95EFD /* Assets.xcassets */,
				BD1ED36625A494D700D95EFD /* LaunchScreen.storyboard */,
				BD1ED36925A494D700D95EFD /* Info.plist */,
			);
			path = web;
			sourceTree = "<group>";
		};
/* End PBXGroup section */

/* Begin PBXNativeTarget section */
		BD1ED35725A494D700D95EFD /* web */ = {
			isa = PBXNativeTarget;
			buildConfigurationList = BD1ED36C25A494D700D95EFD /* Build configuration list for PBXNativeTarget "web" */;
			buildPhases = (
				BD1ED35425A494D700D95EFD /* Sources */,
				BD1ED35525A494D700D95EFD /* Frameworks */,
				BD1ED35625A494D700D95EFD /* Resources */,
			);
			buildRules = (
			);
			dependencies = (
			);
			name = web;
			productName = web;
			productReference = BD1ED35825A494D700D95EFD /* web.app */;
			productType = "com.apple.product-type.application";
		};
/* End PBXNativeTarget section */

/* Begin PBXProject section */
		BD1ED35025A494D700D95EFD /* Project object */ = {
			isa = PBXProject;
			attributes = {
				LastSwiftUpdateCheck = 1230;
				LastUpgradeCheck = 1230;
				TargetAttributes = {
					BD1ED35725A494D700D95EFD = {
						CreatedOnToolsVersion = 12.3;
					};
				};
			};
			buildConfigurationList = BD1ED35325A494D700D95EFD /* Build configuration list for PBXProject "web" */;
			compatibilityVersion = "Xcode 9.3";
			developmentRegion = en;
			hasScannedForEncodings = 0;
			knownRegions = (
				en,
				Base,
			);
			mainGroup = BD1ED34F25A494D700D95EFD;
			productRefGroup = BD1ED35925A494D700D95EFD /* Products */;
			projectDirPath = "";
			projectRoot = "";
			targets = (
				BD1ED35725A494D700D95EFD /* web */,
			);
		};
/* End PBXProject section */

/* Begin PBXResourcesBuildPhase section */
		BD1ED35625A494D700D95EFD /* Resources */ = {
			isa = PBXResourcesBuildPhase;
			buildActionMask = 2147483647;
			files = (
				BD1ED37125A49F8D00D95EFD /* htmlView.html in Resources */,
				BD1ED36825A494D700D95EFD /* LaunchScreen.storyboard in Resources */,
				BD1ED36525A494D700D95EFD /* Assets.xcassets in Resources */,
				BD1ED36325A494D700D95EFD /* Main.storyboard in Resources */,
			);
			runOnlyForDeploymentPostprocessing = 0;
		};
/* End PBXResourcesBuildPhase section */

/* Begin PBXSourcesBuildPhase section */
		BD1ED35425A494D700D95EFD /* Sources */ = {
			isa = PBXSourcesBuildPhase;
			buildActionMask = 2147483647;
			files = (
				BD1ED36025A494D700D95EFD /* ViewController.swift in Sources */,
				BD1ED35C25A494D700D95EFD /* AppDelegate.swift in Sources */,
				BD1ED35E25A494D700D95EFD /* SceneDelegate.swift in Sources */,
			);
			runOnlyForDeploymentPostprocessing = 0;
		};
/* End PBXSourcesBuildPhase section */

/* Begin PBXVariantGroup section */
		BD1ED36125A494D700D95EFD /* Main.storyboard */ = {
			isa = PBXVariantGroup;
			children = (
				BD1ED36225A494D700D95EFD /* Base */,
			);
			name = Main.storyboard;
			sourceTree = "<group>";
		};
		BD1ED36625A494D700D95EFD /* LaunchScreen.storyboard */ = {
			isa = PBXVariantGroup;
			children = (
				BD1ED36725A494D700D95EFD /* Base */,
			);
			name = LaunchScreen.storyboard;
			sourceTree = "<group>";
		};
/* End PBXVariantGroup section */

/* Begin XCBuildConfiguration section */
		BD1ED36A25A494D700D95EFD /* Debug */ = {
			isa = XCBuildConfiguration;
			buildSettings = {
				ALWAYS_SEARCH_USER_PATHS = NO;
				CLANG_ANALYZER_NONNULL = YES;
				CLANG_ANALYZER_NUMBER_OBJECT_CONVERSION = YES_AGGRESSIVE;
				CLANG_CXX_LANGUAGE_STANDARD = "gnu++14";
				CLANG_CXX_LIBRARY = "libc++";
				CLANG_ENABLE_MODULES = YES;
				CLANG_ENABLE_OBJC_ARC = YES;
				CLANG_ENABLE_OBJC_WEAK = YES;
				CLANG_WARN_BLOCK_CAPTURE_AUTORELEASING = YES;
				CLANG_WARN_BOOL_CONVERSION = YES;
				CLANG_WARN_COMMA = YES;
				CLANG_WARN_CONSTANT_CONVERSION = YES;
				CLANG_WARN_DEPRECATED_OBJC_IMPLEMENTATIONS = YES;
				CLANG_WARN_DIRECT_OBJC_ISA_USAGE = YES_ERROR;
				CLANG_WARN_DOCUMENTATION_COMMENTS = YES;
				CLANG_WARN_EMPTY_BODY = YES;
				CLANG_WARN_ENUM_CONVERSION = YES;
				CLANG_WARN_INFINITE_RECURSION = YES;
				CLANG_WARN_INT_CONVERSION = YES;
				CLANG_WARN_NON_LITERAL_NULL_CONVERSION = YES;
				CLANG_WARN_OBJC_IMPLICIT_RETAIN_SELF = YES;
				CLANG_WARN_OBJC_LITERAL_CONVERSION = YES;
				CLANG_WARN_OBJC_ROOT_CLASS = YES_ERROR;
				CLANG_WARN_QUOTED_INCLUDE_IN_FRAMEWORK_HEADER = YES;
				CLANG_WARN_RANGE_LOOP_ANALYSIS = YES;
				CLANG_WARN_STRICT_PROTOTYPES = YES;
				CLANG_WARN_SUSPICIOUS_MOVE = YES;
				CLANG_WARN_UNGUARDED_AVAILABILITY = YES_AGGRESSIVE;
				CLANG_WARN_UNREACHABLE_CODE = YES;
				CLANG_WARN__DUPLICATE_METHOD_MATCH = YES;
				COPY_PHASE_STRIP = NO;
				DEBUG_INFORMATION_FORMAT = dwarf;
				ENABLE_STRICT_OBJC_MSGSEND = YES;
				ENABLE_TESTABILITY = YES;
				GCC_C_LANGUAGE_STANDARD = gnu11;
				GCC_DYNAMIC_NO_PIC = NO;
				GCC_NO_COMMON_BLOCKS = YES;
				GCC_OPTIMIZATION_LEVEL = 0;
				GCC_PREPROCESSOR_DEFINITIONS = (
					"DEBUG=1",
					"$(inherited)",
				);
				GCC_WARN_64_TO_32_BIT_CONVERSION = YES;
				GCC_WARN_ABOUT_RETURN_TYPE = YES_ERROR;
				GCC_WARN_UNDECLARED_SELECTOR = YES;
				GCC_WARN_UNINITIALIZED_AUTOS = YES_AGGRESSIVE;
				GCC_WARN_UNUSED_FUNCTION = YES;
				GCC_WARN_UNUSED_VARIABLE = YES;
				IPHONEOS_DEPLOYMENT_TARGET = 14.3;
				MTL_ENABLE_DEBUG_INFO = INCLUDE_SOURCE;
				MTL_FAST_MATH = YES;
				ONLY_ACTIVE_ARCH = YES;
				SDKROOT = iphoneos;
				SWIFT_ACTIVE_COMPILATION_CONDITIONS = DEBUG;
				SWIFT_OPTIMIZATION_LEVEL = "-Onone";
			};
			name = Debug;
		};
		BD1ED36B25A494D700D95EFD /* Release */ = {
			isa = XCBuildConfiguration;
			buildSettings = {
				ALWAYS_SEARCH_USER_PATHS = NO;
				CLANG_ANALYZER_NONNULL = YES;
				CLANG_ANALYZER_NUMBER_OBJECT_CONVERSION = YES_AGGRESSIVE;
				CLANG_CXX_LANGUAGE_STANDARD = "gnu++14";
				CLANG_CXX_LIBRARY = "libc++";
				CLANG_ENABLE_MODULES = YES;
				CLANG_ENABLE_OBJC_ARC = YES;
				CLANG_ENABLE_OBJC_WEAK = YES;
				CLANG_WARN_BLOCK_CAPTURE_AUTORELEASING = YES;
				CLANG_WARN_BOOL_CONVERSION = YES;
				CLANG_WARN_COMMA = YES;
				CLANG_WARN_CONSTANT_CONVERSION = YES;
				CLANG_WARN_DEPRECATED_OBJC_IMPLEMENTATIONS = YES;
				CLANG_WARN_DIRECT_OBJC_ISA_USAGE = YES_ERROR;
				CLANG_WARN_DOCUMENTATION_COMMENTS = YES;
				CLANG_WARN_EMPTY_BODY = YES;
				CLANG_WARN_ENUM_CONVERSION = YES;
				CLANG_WARN_INFINITE_RECURSION = YES;
				CLANG_WARN_INT_CONVERSION = YES;
				CLANG_WARN_NON_LITERAL_NULL_CONVERSION = YES;
				CLANG_WARN_OBJC_IMPLICIT_RETAIN_SELF = YES;
				CLANG_WARN_OBJC_LITERAL_CONVERSION = YES;
				CLANG_WARN_OBJC_ROOT_CLASS = YES_ERROR;
				CLANG_WARN_QUOTED_INCLUDE_IN_FRAMEWORK_HEADER = YES;
				CLANG_WARN_RANGE_LOOP_ANALYSIS = YES;
				CLANG_WARN_STRICT_PROTOTYPES = YES;
				CLANG_WARN_SUSPICIOUS_MOVE = YES;
				CLANG_WARN_UNGUARDED_AVAILABILITY = YES_AGGRESSIVE;
				CLANG_WARN_UNREACHABLE_CODE = YES;
				CLANG_WARN__DUPLICATE_METHOD_MATCH = YES;
				COPY_PHASE_STRIP = NO;
				DEBUG_INFORMATION_FORMAT = "dwarf-with-dsym";
				ENABLE_NS_ASSERTIONS = NO;
				ENABLE_STRICT_OBJC_MSGSEND = YES;
				GCC_C_LANGUAGE_STANDARD = gnu11;
				GCC_NO_COMMON_BLOCKS = YES;
				GCC_WARN_64_TO_32_BIT_CONVERSION = YES;
				GCC_WARN_ABOUT_RETURN_TYPE = YES_ERROR;
				GCC_WARN_UNDECLARED_SELECTOR = YES;
				GCC_WARN_UNINITIALIZED_AUTOS = YES_AGGRESSIVE;
				GCC_WARN_UNUSED_FUNCTION = YES;
				GCC_WARN_UNUSED_VARIABLE = YES;
				IPHONEOS_DEPLOYMENT_TARGET = 14.3;
				MTL_ENABLE_DEBUG_INFO = NO;
				MTL_FAST_MATH = YES;
				SDKROOT = iphoneos;
				SWIFT_COMPILATION_MODE = wholemodule;
				SWIFT_OPTIMIZATION_LEVEL = "-O";
				VALIDATE_PRODUCT = YES;
			};
			name = Release;
		};
		BD1ED36D25A494D700D95EFD /* Debug */ = {
			isa = XCBuildConfiguration;
			buildSettings = {
				ASSETCATALOG_COMPILER_APPICON_NAME = AppIcon;
				ASSETCATALOG_COMPILER_GLOBAL_ACCENT_COLOR_NAME = AccentColor;
				CODE_SIGN_STYLE = Automatic;
				INFOPLIST_FILE = web/Info.plist;
				LD_RUNPATH_SEARCH_PATHS = (
					"$(inherited)",
					"@executable_path/Frameworks",
				);
				PRODUCT_BUNDLE_IDENTIFIER = com.exaple.web;
				PRODUCT_NAME = "$(TARGET_NAME)";
				SWIFT_VERSION = 5.0;
				TARGETED_DEVICE_FAMILY = "1,2";
			};
			name = Debug;
		};
		BD1ED36E25A494D700D95EFD /* Release */ = {
			isa = XCBuildConfiguration;
			buildSettings = {
				ASSETCATALOG_COMPILER_APPICON_NAME = AppIcon;
				ASSETCATALOG_COMPILER_GLOBAL_ACCENT_COLOR_NAME = AccentColor;
				CODE_SIGN_STYLE = Automatic;
				INFOPLIST_FILE = web/Info.plist;
				LD_RUNPATH_SEARCH_PATHS = (
					"$(inherited)",
					"@executable_path/Frameworks",
				);
				PRODUCT_BUNDLE_IDENTIFIER = com.exaple.web;
				PRODUCT_NAME = "$(TARGET_NAME)";
				SWIFT_VERSION = 5.0;
				TARGETED_DEVICE_FAMILY = "1,2";
			};
			name = Release;
		};
/* End XCBuildConfiguration section */

/* Begin XCConfigurationList section */
		BD1ED35325A494D700D95EFD /* Build configuration list for PBXProject "web" */ = {
			isa = XCConfigurationList;
			buildConfigurations = (
				BD1ED36A25A494D700D95EFD /* Debug */,
				BD1ED36B25A494D700D95EFD /* Release */,
			);
			defaultConfigurationIsVisible = 0;
			defaultConfigurationName = Release;
		};
		BD1ED36C25A494D700D95EFD /* Build configuration list for PBXNativeTarget "web" */ = {
			isa = XCConfigurationList;
			buildConfigurations = (
				BD1ED36D25A494D700D95EFD /* Debug */,
				BD1ED36E25A494D700D95EFD /* Release */,
			);
			defaultConfigurationIsVisible = 0;
			defaultConfigurationName = Release;
		};
/* End XCConfigurationList section */
	};
	rootObject = BD1ED35025A494D700D95EFD /* Project object */;
}
